# This file is automatically @generated by Cargo.
# It is not intended for manual editing.
version = 4

[[package]]
name = "arrayvec"
version = "0.7.6"
source = "registry+https://github.com/rust-lang/crates.io-index"
checksum = "7c02d123df017efcdfbd739ef81735b36c5ba83ec3c59c80a9d7ecc718f92e50"

[[package]]
name = "atomic_enum"
version = "0.3.0"
source = "registry+https://github.com/rust-lang/crates.io-index"
checksum = "99e1aca718ea7b89985790c94aad72d77533063fe00bc497bb79a7c2dae6a661"
dependencies = [
 "proc-macro2",
 "quote",
 "syn",
]

[[package]]
name = "autocfg"
version = "1.5.0"
source = "registry+https://github.com/rust-lang/crates.io-index"
checksum = "c08606f8c3cbf4ce6ec8e28fb0014a2c086708fe954eaa885384a6165172e7e8"

[[package]]
name = "bitfield-struct"
version = "0.11.0"
source = "registry+https://github.com/rust-lang/crates.io-index"
checksum = "d3ca019570363e800b05ad4fd890734f28ac7b72f563ad8a35079efb793616f8"
dependencies = [
 "proc-macro2",
 "quote",
 "syn",
]

[[package]]
name = "earpods-audio-usb-nx"
version = "0.1.0"
dependencies = [
 "nx",
]

[[package]]
name = "enum-iterator"
version = "2.3.0"
source = "registry+https://github.com/rust-lang/crates.io-index"
checksum = "a4549325971814bda7a44061bf3fe7e487d447cba01e4220a4b454d630d7a016"
dependencies = [
 "enum-iterator-derive",
]

[[package]]
name = "enum-iterator-derive"
version = "1.5.0"
source = "registry+https://github.com/rust-lang/crates.io-index"
checksum = "685adfa4d6f3d765a26bc5dbc936577de9abf756c1feeb3089b01dd395034842"
dependencies = [
 "proc-macro2",
 "quote",
 "syn",
]

[[package]]
name = "enum_dispatch"
version = "0.3.13"
source = "registry+https://github.com/rust-lang/crates.io-index"
checksum = "aa18ce2bc66555b3218614519ac839ddb759a7d6720732f979ef8d13be147ecd"
dependencies = [
 "once_cell",
 "proc-macro2",
 "quote",
 "syn",
]

[[package]]
name = "gimli"
version = "0.32.3"
source = "registry+https://github.com/rust-lang/crates.io-index"
checksum = "e629b9b98ef3dd8afe6ca2bd0f89306cec16d43d907889945bc5d6687f2f13c7"

[[package]]
name = "libm"
version = "0.2.16"
source = "registry+https://github.com/rust-lang/crates.io-index"
checksum = "b6d2cec3eae94f9f509c767b45932f1ada8350c4bdb85af2fcab4a3c14807981"

[[package]]
name = "linked_list_allocator"
version = "0.10.5"
source = "registry+https://github.com/rust-lang/crates.io-index"
checksum = "9afa463f5405ee81cdb9cc2baf37e08ec7e4c8209442b5d72c04cfb2cd6e6286"
dependencies = [
 "spinning_top",
]

[[package]]
name = "lock_api"
version = "0.4.14"
source = "registry+https://github.com/rust-lang/crates.io-index"
checksum = "224399e74b87b5f3557511d98dff8b14089b3dadafcab6bb93eab67d3aace965"
dependencies = [
 "scopeguard",
]

[[package]]
name = "logpacket"
version = "0.1.0"
source = "git+https://github.com/aarch64-switch-rs/logpacket?tag=0.1.0#d807c993fb4578e3809d91e3484c7d97f59eb3db"

[[package]]
name = "num-derive"
version = "0.4.2"
source = "registry+https://github.com/rust-lang/crates.io-index"
checksum = "ed3955f1a9c7c0c15e092f9c887db08b1fc683305fdf6eb6684f22555355e202"
dependencies = [
 "proc-macro2",
 "quote",
 "syn",
]

[[package]]
name = "num-traits"
version = "0.2.19"
source = "registry+https://github.com/rust-lang/crates.io-index"
checksum = "071dfc062690e90b734c0b2273ce72ad0ffa95f0c74596bc250dcfd960262841"
dependencies = [
 "autocfg",
 "libm",
]

[[package]]
name = "nx"
version = "0.5.0"
source = "git+https://github.com/aarch64-switch-rs/nx#b365c1baa4c4472fe604f4ab9646440d23c3bd9c"
dependencies = [
 "arrayvec",
 "atomic_enum",
 "bitfield-struct",
 "enum-iterator",
 "enum_dispatch",
 "linked_list_allocator",
 "lock_api",
 "logpacket",
 "num-derive",
 "num-traits",
 "nx-derive",
 "paste",
 "static_assertions",
 "unwinding",
 "zeroize",
]

[[package]]
name = "nx-derive"
version = "0.1.0"
source = "git+https://github.com/aarch64-switch-rs/nx#b365c1baa4c4472fe604f4ab9646440d23c3bd9c"
dependencies = [
 "proc-macro2",
 "quote",
 "syn",
]

[[package]]
name = "once_cell"
version = "1.21.3"
source = "registry+https://github.com/rust-lang/crates.io-index"
checksum = "42f5e15c9953c5e4ccceeb2e7382a716482c34515315f7b03532b8b4e8393d2d"

[[package]]
name = "paste"
version = "1.0.15"
source = "registry+https://github.com/rust-lang/crates.io-index"
checksum = "57c0d7b74b563b49d38dae00a0c37d4d6de9b432382b2892f0574ddcae73fd0a"

[[package]]
name = "proc-macro2"
version = "1.0.106"
source = "registry+https://github.com/rust-lang/crates.io-index"
checksum = "8fd00f0bb2e90d81d1044c2b32617f68fcb9fa3bb7640c23e9c748e53fb30934"
dependencies = [
 "unicode-ident",
]

[[package]]
name = "quote"
version = "1.0.45"
source = "registry+https://github.com/rust-lang/crates.io-index"
checksum = "41f2619966050689382d2b44f664f4bc593e129785a36d6ee376ddf37259b924"
dependencies = [
 "proc-macro2",
]

[[package]]
name = "scopeguard"
version = "1.2.0"
source = "registry+https://github.com/rust-lang/crates.io-index"
checksum = "94143f37725109f92c262ed2cf5e59bce7498c01bcc1502d7b9afe439a4e9f49"

[[package]]
name = "spinning_top"
version = "0.2.5"
source = "registry+https://github.com/rust-lang/crates.io-index"
checksum = "5b9eb1a2f4c41445a3a0ff9abc5221c5fcd28e1f13cd7c0397706f9ac938ddb0"
dependencies = [
 "lock_api",
]

[[package]]
name = "static_assertions"
version = "1.1.0"
source = "registry+https://github.com/rust-lang/crates.io-index"
checksum = "a2eb9349b6444b326872e140eb1cf5e7c522154d69e7a0ffb0fb81c06b37543f"

[[package]]
name = "syn"
version = "2.0.117"
source = "registry+https://github.com/rust-lang/crates.io-index"
checksum = "e665b8803e7b1d2a727f4023456bbbbe74da67099c585258af0ad9c5013b9b99"
dependencies = [
 "proc-macro2",
 "quote",
 "unicode-ident",
]

[[package]]
name = "unicode-ident"
version = "1.0.24"
source = "registry+https://github.com/rust-lang/crates.io-index"
checksum = "e6e4313cd5fcd3dad5cafa179702e2b244f760991f45397d14d4ebf38247da75"

[[package]]
name = "unwinding"
version = "0.2.8"
source = "registry+https://github.com/rust-lang/crates.io-index"
checksum = "60612c845ef41699f39dc8c5391f252942c0a88b7d15da672eff0d14101bbd6d"
dependencies = [
 "gimli",
]

[[package]]
name = "zeroize"
version = "1.8.2"
source = "registry+https://github.com/rust-lang/crates.io-index"
checksum = "b97154e67e32c85465826e8bcc1c59429aaaf107c1e4a9e53c8d8ccd5eff88d0"
